// !$*UTF8*$!
{
	archiveVersion = 1;
	classes = {
	};
	objectVersion = 46;
	objects = {

/* Begin PBXBuildFile section */
		C603784216FCAC5000020AA0 /* ductionary-57.png in Resources */ = {isa = PBXBuildFile; fileRef = C603784116FCAC5000020AA0 /* ductionary-57.png */; };
		C603784416FCAC7E00020AA0 /* ductionary-114.png in Resources */ = {isa = PBXBuildFile; fileRef = C603784316FCAC7E00020AA0 /* ductionary-114.png */; };
		C615E21116BE23BE00506BE2 /* QuartzCore.framework in Frameworks */ = {isa = PBXBuildFile; fileRef = C615E21016BE23BE00506BE2 /* QuartzCore.framework */; };
		C630F64E171938CA00196A47 /* removing.png in Resources */ = {isa = PBXBuildFile; fileRef = C630F64D171938CA00196A47 /* removing.png */; };
		C630F65017193A2500196A47 /* adding.png in Resources */ = {isa = PBXBuildFile; fileRef = C630F64F17193A2500196A47 /* adding.png */; };
		C630F6521719410400196A47 /* section_jump.png in Resources */ = {isa = PBXBuildFile; fileRef = C630F6511719410400196A47 /* section_jump.png */; };
		C630F659171949D200196A47 /* backward-64.png in Resources */ = {isa = PBXBuildFile; fileRef = C630F657171949D200196A47 /* backward-64.png */; };
		C630F65A171949D200196A47 /* forward-64.png in Resources */ = {isa = PBXBuildFile; fileRef = C630F658171949D200196A47 /* forward-64.png */; };
		C6471748169B28A4006ACC7A /* MobileCoreServices.framework in Frameworks */ = {isa = PBXBuildFile; fileRef = C6471747169B28A4006ACC7A /* MobileCoreServices.framework */; };
		C6471749169B28AC006ACC7A /* MobileCoreServices.framework in Frameworks */ = {isa = PBXBuildFile; fileRef = C6471747169B28A4006ACC7A /* MobileCoreServices.framework */; };
		C64ECDD216C2A9C2006D3767 /* SettingViewController.m in Sources */ = {isa = PBXBuildFile; fileRef = C64ECDD016C2A9C2006D3767 /* SettingViewController.m */; };
		C64ECDD316C2A9C2006D3767 /* SettingViewController.xib in Resources */ = {isa = PBXBuildFile; fileRef = C64ECDD116C2A9C2006D3767 /* SettingViewController.xib */; };
		C64ECDDC16C32A92006D3767 /* Localizable.strings in Resources */ = {isa = PBXBuildFile; fileRef = C64ECDDE16C32A92006D3767 /* Localizable.strings */; };
		C64FD07E1717E52E00AB7236 /* HelpController.m in Sources */ = {isa = PBXBuildFile; fileRef = C64FD07C1717E52E00AB7236 /* HelpController.m */; };
		C64FD07F1717E52E00AB7236 /* HelpController.xib in Resources */ = {isa = PBXBuildFile; fileRef = C64FD07D1717E52E00AB7236 /* HelpController.xib */; };
		C6921EA916FD917900D18C22 /* libGoogleAnalytics.a in Frameworks */ = {isa = PBXBuildFile; fileRef = C6921EA716FD917900D18C22 /* libGoogleAnalytics.a */; };
		C6921EAA16FD917900D18C22 /* libGoogleAnalytics_debug.a in Frameworks */ = {isa = PBXBuildFile; fileRef = C6921EA816FD917900D18C22 /* libGoogleAnalytics_debug.a */; };
		C6921EAC16FD9A7800D18C22 /* CoreData.framework in Frameworks */ = {isa = PBXBuildFile; fileRef = C6921EAB16FD9A7800D18C22 /* CoreData.framework */; };
		C6921EAE16FDB76D00D18C22 /* Default-568h@2x.png in Resources */ = {isa = PBXBuildFile; fileRef = C6921EAD16FDB76C00D18C22 /* Default-568h@2x.png */; };
		C6921EB016FDBA5500D18C22 /* Default@2x.png in Resources */ = {isa = PBXBuildFile; fileRef = C6921EAF16FDBA5500D18C22 /* Default@2x.png */; };
		C6921EB216FDBB0700D18C22 /* Default.png in Resources */ = {isa = PBXBuildFile; fileRef = C6921EB116FDBB0700D18C22 /* Default.png */; };
		C694256816F9EF710094572E /* sun-4-64.png in Resources */ = {isa = PBXBuildFile; fileRef = C694256716F9EF710094572E /* sun-4-64.png */; };
		C694256C16F9F1270094572E /* sun-4-58.png in Resources */ = {isa = PBXBuildFile; fileRef = C694256B16F9F1270094572E /* sun-4-58.png */; };
		C696DD5B16E0CD8A009A7A58 /* Constants.m in Sources */ = {isa = PBXBuildFile; fileRef = C696DD5A16E0CD8A009A7A58 /* Constants.m */; };
		C696DD5E16E0D0C8009A7A58 /* HistoryTableController.m in Sources */ = {isa = PBXBuildFile; fileRef = C696DD5D16E0D0C8009A7A58 /* HistoryTableController.m */; };
		C696DD6116E0D0E2009A7A58 /* SectionTableController.m in Sources */ = {isa = PBXBuildFile; fileRef = C696DD6016E0D0E2009A7A58 /* SectionTableController.m */; };
		C696DD6716E0D81E009A7A58 /* MainTableController.m in Sources */ = {isa = PBXBuildFile; fileRef = C696DD6616E0D81D009A7A58 /* MainTableController.m */; };
		C69BB0E616566AA0002A1873 /* AFHTTPClient.m in Sources */ = {isa = PBXBuildFile; fileRef = C69BB0D416566AA0002A1873 /* AFHTTPClient.m */; settings = {COMPILER_FLAGS = "-fobjc-arc"; }; };
		C69BB0E716566AA0002A1873 /* AFHTTPRequestOperation.m in Sources */ = {isa = PBXBuildFile; fileRef = C69BB0D616566AA0002A1873 /* AFHTTPRequestOperation.m */; settings = {COMPILER_FLAGS = "-fobjc-arc"; }; };
		C69BB0E816566AA0002A1873 /* AFImageRequestOperation.m in Sources */ = {isa = PBXBuildFile; fileRef = C69BB0D816566AA0002A1873 /* AFImageRequestOperation.m */; settings = {COMPILER_FLAGS = "-fobjc-arc"; }; };
		C69BB0E916566AA0002A1873 /* AFJSONRequestOperation.m in Sources */ = {isa = PBXBuildFile; fileRef = C69BB0DA16566AA0002A1873 /* AFJSONRequestOperation.m */; settings = {COMPILER_FLAGS = "-fobjc-arc"; }; };
		C69BB0EA16566AA0002A1873 /* AFNetworkActivityIndicatorManager.m in Sources */ = {isa = PBXBuildFile; fileRef = C69BB0DC16566AA0002A1873 /* AFNetworkActivityIndicatorManager.m */; settings = {COMPILER_FLAGS = "-fobjc-arc"; }; };
		C69BB0EB16566AA0002A1873 /* AFPropertyListRequestOperation.m in Sources */ = {isa = PBXBuildFile; fileRef = C69BB0DF16566AA0002A1873 /* AFPropertyListRequestOperation.m */; settings = {COMPILER_FLAGS = "-fobjc-arc"; }; };
		C69BB0EC16566AA0002A1873 /* AFURLConnectionOperation.m in Sources */ = {isa = PBXBuildFile; fileRef = C69BB0E116566AA0002A1873 /* AFURLConnectionOperation.m */; settings = {COMPILER_FLAGS = "-fobjc-arc"; }; };
		C69BB0ED16566AA0002A1873 /* AFXMLRequestOperation.m in Sources */ = {isa = PBXBuildFile; fileRef = C69BB0E316566AA0002A1873 /* AFXMLRequestOperation.m */; settings = {COMPILER_FLAGS = "-fobjc-arc"; }; };
		C69BB0EE16566AA0002A1873 /* UIImageView+AFNetworking.m in Sources */ = {isa = PBXBuildFile; fileRef = C69BB0E516566AA0002A1873 /* UIImageView+AFNetworking.m */; settings = {COMPILER_FLAGS = "-fobjc-arc"; }; };
		C69BB0F6165678B7002A1873 /* UIKit.framework in Frameworks */ = {isa = PBXBuildFile; fileRef = C69DB260160EC07700B484FF /* UIKit.framework */; };
		C69BB0F7165678B7002A1873 /* Foundation.framework in Frameworks */ = {isa = PBXBuildFile; fileRef = C69DB262160EC07700B484FF /* Foundation.framework */; };
		C69BB0F8165678B7002A1873 /* CoreGraphics.framework in Frameworks */ = {isa = PBXBuildFile; fileRef = C69DB264160EC07700B484FF /* CoreGraphics.framework */; };
		C69BB0FE165678B7002A1873 /* InfoPlist.strings in Resources */ = {isa = PBXBuildFile; fileRef = C69BB0FC165678B7002A1873 /* InfoPlist.strings */; };
		C69BB10F165678DF002A1873 /* GHUnitIOS.framework in Frameworks */ = {isa = PBXBuildFile; fileRef = C69BB10E165678DE002A1873 /* GHUnitIOS.framework */; };
		C69BB11216567A3D002A1873 /* GHUnitIOSTestMain.m in Sources */ = {isa = PBXBuildFile; fileRef = C69BB11116567A3D002A1873 /* GHUnitIOSTestMain.m */; };
		C69BB11516567B6F002A1873 /* PageTest.m in Sources */ = {isa = PBXBuildFile; fileRef = C69BB11416567B6E002A1873 /* PageTest.m */; };
		C69BB11616568C39002A1873 /* FileUtil.m in Sources */ = {isa = PBXBuildFile; fileRef = C6D7AB5F1652874900508B14 /* FileUtil.m */; };
		C69BB11716568C3D002A1873 /* AppUtil.m in Sources */ = {isa = PBXBuildFile; fileRef = C6D7AB621652959600508B14 /* AppUtil.m */; };
		C69BB11816568C41002A1873 /* MainViewController.m in Sources */ = {isa = PBXBuildFile; fileRef = C6D94D86164DE0C100587E0C /* MainViewController.m */; };
		C69BB11916568C46002A1873 /* MainViewController.xib in Resources */ = {isa = PBXBuildFile; fileRef = C6D94D87164DE0C100587E0C /* MainViewController.xib */; };
		C69BB11E16568C67002A1873 /* AFHTTPClient.m in Sources */ = {isa = PBXBuildFile; fileRef = C69BB0D416566AA0002A1873 /* AFHTTPClient.m */; settings = {COMPILER_FLAGS = "-fobjc-arc"; }; };
		C69BB11F16568C69002A1873 /* AFHTTPRequestOperation.m in Sources */ = {isa = PBXBuildFile; fileRef = C69BB0D616566AA0002A1873 /* AFHTTPRequestOperation.m */; settings = {COMPILER_FLAGS = "-fobjc-arc"; }; };
		C69BB12016568C6D002A1873 /* AFImageRequestOperation.m in Sources */ = {isa = PBXBuildFile; fileRef = C69BB0D816566AA0002A1873 /* AFImageRequestOperation.m */; settings = {COMPILER_FLAGS = "-fobjc-arc"; }; };
		C69BB12116568C70002A1873 /* AFJSONRequestOperation.m in Sources */ = {isa = PBXBuildFile; fileRef = C69BB0DA16566AA0002A1873 /* AFJSONRequestOperation.m */; settings = {COMPILER_FLAGS = "-fobjc-arc"; }; };
		C69BB12216568C73002A1873 /* AFNetworkActivityIndicatorManager.m in Sources */ = {isa = PBXBuildFile; fileRef = C69BB0DC16566AA0002A1873 /* AFNetworkActivityIndicatorManager.m */; settings = {COMPILER_FLAGS = "-fobjc-arc"; }; };
		C69BB12316568C7A002A1873 /* AFPropertyListRequestOperation.m in Sources */ = {isa = PBXBuildFile; fileRef = C69BB0DF16566AA0002A1873 /* AFPropertyListRequestOperation.m */; settings = {COMPILER_FLAGS = "-fobjc-arc"; }; };
		C69BB12416568C7C002A1873 /* AFURLConnectionOperation.m in Sources */ = {isa = PBXBuildFile; fileRef = C69BB0E116566AA0002A1873 /* AFURLConnectionOperation.m */; settings = {COMPILER_FLAGS = "-fobjc-arc"; }; };
		C69BB12516568C7F002A1873 /* AFXMLRequestOperation.m in Sources */ = {isa = PBXBuildFile; fileRef = C69BB0E316566AA0002A1873 /* AFXMLRequestOperation.m */; settings = {COMPILER_FLAGS = "-fobjc-arc"; }; };
		C69BB12616568C81002A1873 /* UIImageView+AFNetworking.m in Sources */ = {isa = PBXBuildFile; fileRef = C69BB0E516566AA0002A1873 /* UIImageView+AFNetworking.m */; settings = {COMPILER_FLAGS = "-fobjc-arc"; }; };
		C69BB12716568C88002A1873 /* JSONKit.m in Sources */ = {isa = PBXBuildFile; fileRef = C6D7AB541652836500508B14 /* JSONKit.m */; };
		C69BB12916568CD7002A1873 /* SystemConfiguration.framework in Frameworks */ = {isa = PBXBuildFile; fileRef = C69BB12816568CD6002A1873 /* SystemConfiguration.framework */; };
		C69BB12A16568CEF002A1873 /* SystemConfiguration.framework in Frameworks */ = {isa = PBXBuildFile; fileRef = C69BB12816568CD6002A1873 /* SystemConfiguration.framework */; };
		C69BB12B16568EC9002A1873 /* Sites.plist in Resources */ = {isa = PBXBuildFile; fileRef = C6D94D8A164DFE2C00587E0C /* Sites.plist */; };
		C69BB1331658C4B1002A1873 /* WikishFileUtil.m in Sources */ = {isa = PBXBuildFile; fileRef = C69BB1321658C4B1002A1873 /* WikishFileUtil.m */; };
		C69BB1341658C4B1002A1873 /* WikishFileUtil.m in Sources */ = {isa = PBXBuildFile; fileRef = C69BB1321658C4B1002A1873 /* WikishFileUtil.m */; };
		C69BB1371658C8E2002A1873 /* NSString+Wikish.m in Sources */ = {isa = PBXBuildFile; fileRef = C69BB1361658C8E1002A1873 /* NSString+Wikish.m */; };
		C69BB1381658C8E2002A1873 /* NSString+Wikish.m in Sources */ = {isa = PBXBuildFile; fileRef = C69BB1361658C8E1002A1873 /* NSString+Wikish.m */; };
		C69DB261160EC07700B484FF /* UIKit.framework in Frameworks */ = {isa = PBXBuildFile; fileRef = C69DB260160EC07700B484FF /* UIKit.framework */; };
		C69DB263160EC07700B484FF /* Foundation.framework in Frameworks */ = {isa = PBXBuildFile; fileRef = C69DB262160EC07700B484FF /* Foundation.framework */; };
		C69DB265160EC07700B484FF /* CoreGraphics.framework in Frameworks */ = {isa = PBXBuildFile; fileRef = C69DB264160EC07700B484FF /* CoreGraphics.framework */; };
		C69DB26B160EC07700B484FF /* InfoPlist.strings in Resources */ = {isa = PBXBuildFile; fileRef = C69DB269160EC07700B484FF /* InfoPlist.strings */; };
		C69DB26D160EC07700B484FF /* main.m in Sources */ = {isa = PBXBuildFile; fileRef = C69DB26C160EC07700B484FF /* main.m */; };
		C69DB271160EC07700B484FF /* AppDelegate.m in Sources */ = {isa = PBXBuildFile; fileRef = C69DB270160EC07700B484FF /* AppDelegate.m */; };
		C69EE49116DFB4EE0074AF3D /* LangLink.m in Sources */ = {isa = PBXBuildFile; fileRef = C69EE47E16DFB4EE0074AF3D /* LangLink.m */; };
		C69EE49316DFB4EE0074AF3D /* SiteManager.m in Sources */ = {isa = PBXBuildFile; fileRef = C69EE48216DFB4EE0074AF3D /* SiteManager.m */; };
		C69EE49416DFB4EE0074AF3D /* WikiApi.m in Sources */ = {isa = PBXBuildFile; fileRef = C69EE48416DFB4EE0074AF3D /* WikiApi.m */; };
		C69EE49516DFB4EE0074AF3D /* WikiHistory.m in Sources */ = {isa = PBXBuildFile; fileRef = C69EE48616DFB4EE0074AF3D /* WikiHistory.m */; };
		C69EE49616DFB4EE0074AF3D /* WikiOpenSearch.m in Sources */ = {isa = PBXBuildFile; fileRef = C69EE48816DFB4EE0074AF3D /* WikiOpenSearch.m */; };
		C69EE49716DFB4EE0074AF3D /* WikiPageInfo.m in Sources */ = {isa = PBXBuildFile; fileRef = C69EE48A16DFB4EE0074AF3D /* WikiPageInfo.m */; };
		C69EE49816DFB4EE0074AF3D /* WikiRecord.m in Sources */ = {isa = PBXBuildFile; fileRef = C69EE48C16DFB4EE0074AF3D /* WikiRecord.m */; };
		C69EE49916DFB4EE0074AF3D /* WikiSection.m in Sources */ = {isa = PBXBuildFile; fileRef = C69EE48E16DFB4EE0074AF3D /* WikiSection.m */; };
		C69EE49A16DFB4EE0074AF3D /* WikiSite.m in Sources */ = {isa = PBXBuildFile; fileRef = C69EE49016DFB4EE0074AF3D /* WikiSite.m */; };
		C69EE4A316DFB6A30074AF3D /* TableViewGestureRecognizer.m in Sources */ = {isa = PBXBuildFile; fileRef = C69EE49D16DFB6A30074AF3D /* TableViewGestureRecognizer.m */; };
		C69EE4A416DFB6A30074AF3D /* TapDetectingWindow.m in Sources */ = {isa = PBXBuildFile; fileRef = C69EE49F16DFB6A30074AF3D /* TapDetectingWindow.m */; };
		C69EE4A516DFB6A30074AF3D /* WikiSearchPanel.m in Sources */ = {isa = PBXBuildFile; fileRef = C69EE4A116DFB6A30074AF3D /* WikiSearchPanel.m */; };
		C69EE4A616DFB6A30074AF3D /* WikiSearchPanel.xib in Resources */ = {isa = PBXBuildFile; fileRef = C69EE4A216DFB6A30074AF3D /* WikiSearchPanel.xib */; };
		C6D7672316AC3CE400CFC99A /* wiki-inject-functions.js in Resources */ = {isa = PBXBuildFile; fileRef = C6D7672016AC326A00CFC99A /* wiki-inject-functions.js */; };
		C6D7672416AC3CE500CFC99A /* wiki-inject-functions.js in Resources */ = {isa = PBXBuildFile; fileRef = C6D7672016AC326A00CFC99A /* wiki-inject-functions.js */; };
		C6D7684816AEF5B000CFC99A /* libicucore.dylib in Frameworks */ = {isa = PBXBuildFile; fileRef = C6D7684716AEF5AF00CFC99A /* libicucore.dylib */; };
		C6D7AB561652836500508B14 /* CHANGELOG.md in Resources */ = {isa = PBXBuildFile; fileRef = C6D7AB521652836500508B14 /* CHANGELOG.md */; };
		C6D7AB581652836500508B14 /* README.md in Resources */ = {isa = PBXBuildFile; fileRef = C6D7AB551652836500508B14 /* README.md */; };
		C6D7AB601652874900508B14 /* FileUtil.m in Sources */ = {isa = PBXBuildFile; fileRef = C6D7AB5F1652874900508B14 /* FileUtil.m */; };
		C6D7AB631652959600508B14 /* AppUtil.m in Sources */ = {isa = PBXBuildFile; fileRef = C6D7AB621652959600508B14 /* AppUtil.m */; };
		C6D94D88164DE0C100587E0C /* MainViewController.m in Sources */ = {isa = PBXBuildFile; fileRef = C6D94D86164DE0C100587E0C /* MainViewController.m */; };
		C6D94D89164DE0C100587E0C /* MainViewController.xib in Resources */ = {isa = PBXBuildFile; fileRef = C6D94D87164DE0C100587E0C /* MainViewController.xib */; };
		C6D94D8B164DFE2C00587E0C /* Sites.plist in Resources */ = {isa = PBXBuildFile; fileRef = C6D94D8A164DFE2C00587E0C /* Sites.plist */; };
		C6EFA0E016E78637006FE551 /* Button.m in Sources */ = {isa = PBXBuildFile; fileRef = C6EFA0DF16E78637006FE551 /* Button.m */; };
		C6F9405916E20F17005DBBD5 /* Setting.m in Sources */ = {isa = PBXBuildFile; fileRef = C6F9405816E20F16005DBBD5 /* Setting.m */; };
		C6F9406416E33456005DBBD5 /* time-12-64.png in Resources */ = {isa = PBXBuildFile; fileRef = C6F9405D16E33456005DBBD5 /* time-12-64.png */; };
		C6F9406516E33456005DBBD5 /* star-5-64.png in Resources */ = {isa = PBXBuildFile; fileRef = C6F9405E16E33456005DBBD5 /* star-5-64.png */; };
		C6F9406616E33456005DBBD5 /* gear-4-64.png in Resources */ = {isa = PBXBuildFile; fileRef = C6F9405F16E33456005DBBD5 /* gear-4-64.png */; };
		C6F9406716E33456005DBBD5 /* magnifier-2-64.png in Resources */ = {isa = PBXBuildFile; fileRef = C6F9406016E33456005DBBD5 /* magnifier-2-64.png */; };
		C6F9406816E33456005DBBD5 /* info-64.png in Resources */ = {isa = PBXBuildFile; fileRef = C6F9406116E33456005DBBD5 /* info-64.png */; };
		C6F9406916E33456005DBBD5 /* star-2-64.png in Resources */ = {isa = PBXBuildFile; fileRef = C6F9406216E33456005DBBD5 /* star-2-64.png */; };
		C6F9406A16E33456005DBBD5 /* list-view-64.png in Resources */ = {isa = PBXBuildFile; fileRef = C6F9406316E33456005DBBD5 /* list-view-64.png */; };
		C6F9406C16E3379E005DBBD5 /* star-7-64.png in Resources */ = {isa = PBXBuildFile; fileRef = C6F9406B16E3379E005DBBD5 /* star-7-64.png */; };
		C6F9407116E36574005DBBD5 /* SVProgressHUD.bundle in Resources */ = {isa = PBXBuildFile; fileRef = C6F9406E16E36574005DBBD5 /* SVProgressHUD.bundle */; };
		C6F9407216E36574005DBBD5 /* SVProgressHUD.m in Sources */ = {isa = PBXBuildFile; fileRef = C6F9407016E36574005DBBD5 /* SVProgressHUD.m */; settings = {COMPILER_FLAGS = "-fobjc-arc"; }; };
		C6FFF8E11719795300A4631B /* more.png in Resources */ = {isa = PBXBuildFile; fileRef = C6FFF8E01719795300A4631B /* more.png */; };
		C6FFF8E31719834000A4631B /* help-6-64.png in Resources */ = {isa = PBXBuildFile; fileRef = C6FFF8E21719834000A4631B /* help-6-64.png */; };
		C6FFF8E61719BFDC00A4631B /* StyledPageControl.m in Sources */ = {isa = PBXBuildFile; fileRef = C6FFF8E51719BFDC00A4631B /* StyledPageControl.m */; settings = {COMPILER_FLAGS = "-fno-objc-arc"; }; };
		C6FFF8E7171A57B200A4631B /* JSONKit.m in Sources */ = {isa = PBXBuildFile; fileRef = C6D7AB541652836500508B14 /* JSONKit.m */; settings = {COMPILER_FLAGS = "-fno-objc-arc"; }; };
		C6FFF8E8171A57BB00A4631B /* RegexKitLite.m in Sources */ = {isa = PBXBuildFile; fileRef = C6D7684516AEF59600CFC99A /* RegexKitLite.m */; settings = {COMPILER_FLAGS = "-fno-objc-arc"; }; };
		C6FFF8EA171A812900A4631B /* btn.png in Resources */ = {isa = PBXBuildFile; fileRef = C6FFF8E9171A812900A4631B /* btn.png */; };
		C6FFF904171AC82400A4631B /* btn_shrink_keyboard.png in Resources */ = {isa = PBXBuildFile; fileRef = C6FFF903171AC82400A4631B /* btn_shrink_keyboard.png */; };
		C6FFF90A171ACC2B00A4631B /* square-normal.png in Resources */ = {isa = PBXBuildFile; fileRef = C6FFF909171ACC2B00A4631B /* square-normal.png */; };
		C6FFF90C171AFAA100A4631B /* square-highlight.png in Resources */ = {isa = PBXBuildFile; fileRef = C6FFF90B171AFAA000A4631B /* square-highlight.png */; };
		C6FFF90F171B04EC00A4631B /* change-lang-tr.png in Resources */ = {isa = PBXBuildFile; fileRef = C6FFF90D171B04EC00A4631B /* change-lang-tr.png */; };
		C6FFF910171B04EC00A4631B /* change-lang-en.png in Resources */ = {isa = PBXBuildFile; fileRef = C6FFF90E171B04EC00A4631B /* change-lang-en.png */; };
/* End PBXBuildFile section */

/* Begin PBXFileReference section */
		C603784116FCAC5000020AA0 /* ductionary-57.png */ = {isa = PBXFileReference; lastKnownFileType = image.png; path = "ductionary-57.png"; sourceTree = "<group>"; };
		C603784316FCAC7E00020AA0 /* ductionary-114.png */ = {isa = PBXFileReference; lastKnownFileType = image.png; path = "ductionary-114.png"; sourceTree = "<group>"; };
		C603784516FCACC800020AA0 /* zh-Hans */ = {isa = PBXFileReference; lastKnownFileType = text.plist.strings; name = "zh-Hans"; path = "zh-Hans.lproj/InfoPlist.strings"; sourceTree = "<group>"; };
		C615E21016BE23BE00506BE2 /* QuartzCore.framework */ = {isa = PBXFileReference; lastKnownFileType = wrapper.framework; name = QuartzCore.framework; path = System/Library/Frameworks/QuartzCore.framework; sourceTree = SDKROOT; };
		C630F64D171938CA00196A47 /* removing.png */ = {isa = PBXFileReference; lastKnownFileType = image.png; path = removing.png; sourceTree = "<group>"; };
		C630F64F17193A2500196A47 /* adding.png */ = {isa = PBXFileReference; lastKnownFileType = image.png; path = adding.png; sourceTree = "<group>"; };
		C630F6511719410400196A47 /* section_jump.png */ = {isa = PBXFileReference; lastKnownFileType = image.png; path = section_jump.png; sourceTree = "<group>"; };
		C630F657171949D200196A47 /* backward-64.png */ = {isa = PBXFileReference; lastKnownFileType = image.png; path = "backward-64.png"; sourceTree = "<group>"; };
		C630F658171949D200196A47 /* forward-64.png */ = {isa = PBXFileReference; lastKnownFileType = image.png; path = "forward-64.png"; sourceTree = "<group>"; };
		C6471744169B24F7006ACC7A /* wiki-page-head-html.txt */ = {isa = PBXFileReference; fileEncoding = 4; lastKnownFileType = text; path = "wiki-page-head-html.txt"; sourceTree = "<group>"; };
		C6471747169B28A4006ACC7A /* MobileCoreServices.framework */ = {isa = PBXFileReference; lastKnownFileType = wrapper.framework; name = MobileCoreServices.framework; path = System/Library/Frameworks/MobileCoreServices.framework; sourceTree = SDKROOT; };
		C64ECDCF16C2A9C2006D3767 /* SettingViewController.h */ = {isa = PBXFileReference; fileEncoding = 4; lastKnownFileType = sourcecode.c.h; path = SettingViewController.h; sourceTree = "<group>"; };
		C64ECDD016C2A9C2006D3767 /* SettingViewController.m */ = {isa = PBXFileReference; fileEncoding = 4; lastKnownFileType = sourcecode.c.objc; path = SettingViewController.m; sourceTree = "<group>"; };
		C64ECDD116C2A9C2006D3767 /* SettingViewController.xib */ = {isa = PBXFileReference; fileEncoding = 4; lastKnownFileType = file.xib; path = SettingViewController.xib; sourceTree = "<group>"; };
		C64ECDDD16C32A92006D3767 /* en */ = {isa = PBXFileReference; lastKnownFileType = text.plist.strings; name = en; path = en.lproj/Localizable.strings; sourceTree = "<group>"; };
		C64ECDE016C32AD1006D3767 /* zh-Hans */ = {isa = PBXFileReference; lastKnownFileType = text.plist.strings; name = "zh-Hans"; path = "zh-Hans.lproj/Localizable.strings"; sourceTree = "<group>"; };
		C64ECDE116C32AD1006D3767 /* zh-Hans */ = {isa = PBXFileReference; lastKnownFileType = text.plist.strings; name = "zh-Hans"; path = "zh-Hans.lproj/InfoPlist.strings"; sourceTree = "<group>"; };
		C64ECDE816C49A9C006D3767 /* Wikish-Info.plist */ = {isa = PBXFileReference; fileEncoding = 4; lastKnownFileType = text.plist.xml; path = "Wikish-Info.plist"; sourceTree = "<group>"; };
		C64FD07B1717E52E00AB7236 /* HelpController.h */ = {isa = PBXFileReference; fileEncoding = 4; lastKnownFileType = sourcecode.c.h; path = HelpController.h; sourceTree = "<group>"; };
		C64FD07C1717E52E00AB7236 /* HelpController.m */ = {isa = PBXFileReference; fileEncoding = 4; lastKnownFileType = sourcecode.c.objc; path = HelpController.m; sourceTree = "<group>"; };
		C64FD07D1717E52E00AB7236 /* HelpController.xib */ = {isa = PBXFileReference; fileEncoding = 4; lastKnownFileType = file.xib; path = HelpController.xib; sourceTree = "<group>"; };
		C66C343616FAEC5E00DB3926 /* Macros.h */ = {isa = PBXFileReference; lastKnownFileType = sourcecode.c.h; path = Macros.h; sourceTree = "<group>"; };
		C67F8C641699A9BA004C9B3D /* AutoPropertyRelease.h */ = {isa = PBXFileReference; fileEncoding = 4; lastKnownFileType = sourcecode.c.h; path = AutoPropertyRelease.h; sourceTree = "<group>"; };
		C67F8C651699A9BA004C9B3D /* AutoPropertyRelease.m */ = {isa = PBXFileReference; fileEncoding = 4; lastKnownFileType = sourcecode.c.objc; path = AutoPropertyRelease.m; sourceTree = "<group>"; };
		C6921EA216FD917900D18C22 /* GAI.h */ = {isa = PBXFileReference; fileEncoding = 4; lastKnownFileType = sourcecode.c.h; path = GAI.h; sourceTree = "<group>"; };
		C6921EA316FD917900D18C22 /* GAITrackedViewController.h */ = {isa = PBXFileReference; fileEncoding = 4; lastKnownFileType = sourcecode.c.h; path = GAITrackedViewController.h; sourceTree = "<group>"; };
		C6921EA416FD917900D18C22 /* GAITracker.h */ = {isa = PBXFileReference; fileEncoding = 4; lastKnownFileType = sourcecode.c.h; path = GAITracker.h; sourceTree = "<group>"; };
		C6921EA516FD917900D18C22 /* GAITransaction.h */ = {isa = PBXFileReference; fileEncoding = 4; lastKnownFileType = sourcecode.c.h; path = GAITransaction.h; sourceTree = "<group>"; };
		C6921EA616FD917900D18C22 /* GAITransactionItem.h */ = {isa = PBXFileReference; fileEncoding = 4; lastKnownFileType = sourcecode.c.h; path = GAITransactionItem.h; sourceTree = "<group>"; };
		C6921EA716FD917900D18C22 /* libGoogleAnalytics.a */ = {isa = PBXFileReference; lastKnownFileType = archive.ar; path = libGoogleAnalytics.a; sourceTree = "<group>"; };
		C6921EA816FD917900D18C22 /* libGoogleAnalytics_debug.a */ = {isa = PBXFileReference; lastKnownFileType = archive.ar; path = libGoogleAnalytics_debug.a; sourceTree = "<group>"; };
		C6921EAB16FD9A7800D18C22 /* CoreData.framework */ = {isa = PBXFileReference; lastKnownFileType = wrapper.framework; name = CoreData.framework; path = System/Library/Frameworks/CoreData.framework; sourceTree = SDKROOT; };
		C6921EAD16FDB76C00D18C22 /* Default-568h@2x.png */ = {isa = PBXFileReference; lastKnownFileType = image.png; path = "Default-568h@2x.png"; sourceTree = "<group>"; };
		C6921EAF16FDBA5500D18C22 /* Default@2x.png */ = {isa = PBXFileReference; lastKnownFileType = image.png; path = "Default@2x.png"; sourceTree = "<group>"; };
		C6921EB116FDBB0700D18C22 /* Default.png */ = {isa = PBXFileReference; lastKnownFileType = image.png; path = Default.png; sourceTree = "<group>"; };
		C694256716F9EF710094572E /* sun-4-64.png */ = {isa = PBXFileReference; lastKnownFileType = image.png; path = "sun-4-64.png"; sourceTree = "<group>"; };
		C694256B16F9F1270094572E /* sun-4-58.png */ = {isa = PBXFileReference; lastKnownFileType = image.png; path = "sun-4-58.png"; sourceTree = "<group>"; };
		C696DD5A16E0CD8A009A7A58 /* Constants.m */ = {isa = PBXFileReference; fileEncoding = 4; lastKnownFileType = sourcecode.c.objc; path = Constants.m; sourceTree = "<group>"; };
		C696DD5C16E0D0C8009A7A58 /* HistoryTableController.h */ = {isa = PBXFileReference; fileEncoding = 4; lastKnownFileType = sourcecode.c.h; path = HistoryTableController.h; sourceTree = "<group>"; };
		C696DD5D16E0D0C8009A7A58 /* HistoryTableController.m */ = {isa = PBXFileReference; fileEncoding = 4; lastKnownFileType = sourcecode.c.objc; path = HistoryTableController.m; sourceTree = "<group>"; };
		C696DD5F16E0D0E2009A7A58 /* SectionTableController.h */ = {isa = PBXFileReference; fileEncoding = 4; lastKnownFileType = sourcecode.c.h; path = SectionTableController.h; sourceTree = "<group>"; };
		C696DD6016E0D0E2009A7A58 /* SectionTableController.m */ = {isa = PBXFileReference; fileEncoding = 4; lastKnownFileType = sourcecode.c.objc; path = SectionTableController.m; sourceTree = "<group>"; };
		C696DD6516E0D81D009A7A58 /* MainTableController.h */ = {isa = PBXFileReference; fileEncoding = 4; lastKnownFileType = sourcecode.c.h; path = MainTableController.h; sourceTree = "<group>"; };
		C696DD6616E0D81D009A7A58 /* MainTableController.m */ = {isa = PBXFileReference; fileEncoding = 4; lastKnownFileType = sourcecode.c.objc; path = MainTableController.m; sourceTree = "<group>"; };
		C69BB0D316566AA0002A1873 /* AFHTTPClient.h */ = {isa = PBXFileReference; fileEncoding = 4; lastKnownFileType = sourcecode.c.h; path = AFHTTPClient.h; sourceTree = "<group>"; };
		C69BB0D416566AA0002A1873 /* AFHTTPClient.m */ = {isa = PBXFileReference; fileEncoding = 4; lastKnownFileType = sourcecode.c.objc; path = AFHTTPClient.m; sourceTree = "<group>"; };
		C69BB0D516566AA0002A1873 /* AFHTTPRequestOperation.h */ = {isa = PBXFileReference; fileEncoding = 4; lastKnownFileType = sourcecode.c.h; path = AFHTTPRequestOperation.h; sourceTree = "<group>"; };
		C69BB0D616566AA0002A1873 /* AFHTTPRequestOperation.m */ = {isa = PBXFileReference; fileEncoding = 4; lastKnownFileType = sourcecode.c.objc; path = AFHTTPRequestOperation.m; sourceTree = "<group>"; };
		C69BB0D716566AA0002A1873 /* AFImageRequestOperation.h */ = {isa = PBXFileReference; fileEncoding = 4; lastKnownFileType = sourcecode.c.h; path = AFImageRequestOperation.h; sourceTree = "<group>"; };
		C69BB0D816566AA0002A1873 /* AFImageRequestOperation.m */ = {isa = PBXFileReference; fileEncoding = 4; lastKnownFileType = sourcecode.c.objc; path = AFImageRequestOperation.m; sourceTree = "<group>"; };
		C69BB0D916566AA0002A1873 /* AFJSONRequestOperation.h */ = {isa = PBXFileReference; fileEncoding = 4; lastKnownFileType = sourcecode.c.h; path = AFJSONRequestOperation.h; sourceTree = "<group>"; };
		C69BB0DA16566AA0002A1873 /* AFJSONRequestOperation.m */ = {isa = PBXFileReference; fileEncoding = 4; lastKnownFileType = sourcecode.c.objc; path = AFJSONRequestOperation.m; sourceTree = "<group>"; };
		C69BB0DB16566AA0002A1873 /* AFNetworkActivityIndicatorManager.h */ = {isa = PBXFileReference; fileEncoding = 4; lastKnownFileType = sourcecode.c.h; path = AFNetworkActivityIndicatorManager.h; sourceTree = "<group>"; };
		C69BB0DC16566AA0002A1873 /* AFNetworkActivityIndicatorManager.m */ = {isa = PBXFileReference; fileEncoding = 4; lastKnownFileType = sourcecode.c.objc; path = AFNetworkActivityIndicatorManager.m; sourceTree = "<group>"; };
		C69BB0DD16566AA0002A1873 /* AFNetworking.h */ = {isa = PBXFileReference; fileEncoding = 4; lastKnownFileType = sourcecode.c.h; path = AFNetworking.h; sourceTree = "<group>"; };
		C69BB0DE16566AA0002A1873 /* AFPropertyListRequestOperation.h */ = {isa = PBXFileReference; fileEncoding = 4; lastKnownFileType = sourcecode.c.h; path = AFPropertyListRequestOperation.h; sourceTree = "<group>"; };
		C69BB0DF16566AA0002A1873 /* AFPropertyListRequestOperation.m */ = {isa = PBXFileReference; fileEncoding = 4; lastKnownFileType = sourcecode.c.objc; path = AFPropertyListRequestOperation.m; sourceTree = "<group>"; };
		C69BB0E016566AA0002A1873 /* AFURLConnectionOperation.h */ = {isa = PBXFileReference; fileEncoding = 4; lastKnownFileType = sourcecode.c.h; path = AFURLConnectionOperation.h; sourceTree = "<group>"; };
		C69BB0E116566AA0002A1873 /* AFURLConnectionOperation.m */ = {isa = PBXFileReference; fileEncoding = 4; lastKnownFileType = sourcecode.c.objc; path = AFURLConnectionOperation.m; sourceTree = "<group>"; };
		C69BB0E216566AA0002A1873 /* AFXMLRequestOperation.h */ = {isa = PBXFileReference; fileEncoding = 4; lastKnownFileType = sourcecode.c.h; path = AFXMLRequestOperation.h; sourceTree = "<group>"; };
		C69BB0E316566AA0002A1873 /* AFXMLRequestOperation.m */ = {isa = PBXFileReference; fileEncoding = 4; lastKnownFileType = sourcecode.c.objc; path = AFXMLRequestOperation.m; sourceTree = "<group>"; };
		C69BB0E416566AA0002A1873 /* UIImageView+AFNetworking.h */ = {isa = PBXFileReference; fileEncoding = 4; lastKnownFileType = sourcecode.c.h; path = "UIImageView+AFNetworking.h"; sourceTree = "<group>"; };
		C69BB0E516566AA0002A1873 /* UIImageView+AFNetworking.m */ = {isa = PBXFileReference; fileEncoding = 4; lastKnownFileType = sourcecode.c.objc; path = "UIImageView+AFNetworking.m"; sourceTree = "<group>"; };
		C69BB0F4165678B7002A1873 /* Tests.app */ = {isa = PBXFileReference; explicitFileType = wrapper.application; includeInIndex = 0; path = Tests.app; sourceTree = BUILT_PRODUCTS_DIR; };
		C69BB0FB165678B7002A1873 /* Tests-Info.plist */ = {isa = PBXFileReference; lastKnownFileType = text.plist.xml; path = "Tests-Info.plist"; sourceTree = "<group>"; };
		C69BB0FD165678B7002A1873 /* en */ = {isa = PBXFileReference; lastKnownFileType = text.plist.strings; name = en; path = en.lproj/InfoPlist.strings; sourceTree = "<group>"; };
		C69BB101165678B7002A1873 /* Tests-Prefix.pch */ = {isa = PBXFileReference; lastKnownFileType = sourcecode.c.h; path = "Tests-Prefix.pch"; sourceTree = "<group>"; };
		C69BB10E165678DE002A1873 /* GHUnitIOS.framework */ = {isa = PBXFileReference; lastKnownFileType = wrapper.framework; name = GHUnitIOS.framework; path = ../../../Framework/GHUnitIOS.framework; sourceTree = "<group>"; };
		C69BB11116567A3D002A1873 /* GHUnitIOSTestMain.m */ = {isa = PBXFileReference; fileEncoding = 4; lastKnownFileType = sourcecode.c.objc; path = GHUnitIOSTestMain.m; sourceTree = "<group>"; };
		C69BB11416567B6E002A1873 /* PageTest.m */ = {isa = PBXFileReference; fileEncoding = 4; lastKnownFileType = sourcecode.c.objc; path = PageTest.m; sourceTree = "<group>"; };
		C69BB12816568CD6002A1873 /* SystemConfiguration.framework */ = {isa = PBXFileReference; lastKnownFileType = wrapper.framework; name = SystemConfiguration.framework; path = System/Library/Frameworks/SystemConfiguration.framework; sourceTree = SDKROOT; };
		C69BB1301658C24A002A1873 /* Constants.h */ = {isa = PBXFileReference; fileEncoding = 4; lastKnownFileType = sourcecode.c.h; path = Constants.h; sourceTree = "<group>"; };
		C69BB1311658C4B0002A1873 /* WikishFileUtil.h */ = {isa = PBXFileReference; fileEncoding = 4; lastKnownFileType = sourcecode.c.h; path = WikishFileUtil.h; sourceTree = "<group>"; };
		C69BB1321658C4B1002A1873 /* WikishFileUtil.m */ = {isa = PBXFileReference; fileEncoding = 4; lastKnownFileType = sourcecode.c.objc; path = WikishFileUtil.m; sourceTree = "<group>"; };
		C69BB1351658C8E0002A1873 /* NSString+Wikish.h */ = {isa = PBXFileReference; fileEncoding = 4; lastKnownFileType = sourcecode.c.h; path = "NSString+Wikish.h"; sourceTree = "<group>"; };
		C69BB1361658C8E1002A1873 /* NSString+Wikish.m */ = {isa = PBXFileReference; fileEncoding = 4; lastKnownFileType = sourcecode.c.objc; path = "NSString+Wikish.m"; sourceTree = "<group>"; };
		C69DB25C160EC07700B484FF /* Wikish.app */ = {isa = PBXFileReference; explicitFileType = wrapper.application; includeInIndex = 0; path = Wikish.app; sourceTree = BUILT_PRODUCTS_DIR; };
		C69DB260160EC07700B484FF /* UIKit.framework */ = {isa = PBXFileReference; lastKnownFileType = wrapper.framework; name = UIKit.framework; path = System/Library/Frameworks/UIKit.framework; sourceTree = SDKROOT; };
		C69DB262160EC07700B484FF /* Foundation.framework */ = {isa = PBXFileReference; lastKnownFileType = wrapper.framework; name = Foundation.framework; path = System/Library/Frameworks/Foundation.framework; sourceTree = SDKROOT; };
		C69DB264160EC07700B484FF /* CoreGraphics.framework */ = {isa = PBXFileReference; lastKnownFileType = wrapper.framework; name = CoreGraphics.framework; path = System/Library/Frameworks/CoreGraphics.framework; sourceTree = SDKROOT; };
		C69DB26A160EC07700B484FF /* en */ = {isa = PBXFileReference; lastKnownFileType = text.plist.strings; name = en; path = en.lproj/InfoPlist.strings; sourceTree = "<group>"; };
		C69DB26C160EC07700B484FF /* main.m */ = {isa = PBXFileReference; lastKnownFileType = sourcecode.c.objc; path = main.m; sourceTree = "<group>"; };
		C69DB26E160EC07700B484FF /* Wikish-Prefix.pch */ = {isa = PBXFileReference; lastKnownFileType = sourcecode.c.h; path = "Wikish-Prefix.pch"; sourceTree = "<group>"; };
		C69DB26F160EC07700B484FF /* AppDelegate.h */ = {isa = PBXFileReference; lastKnownFileType = sourcecode.c.h; path = AppDelegate.h; sourceTree = "<group>"; };
		C69DB270160EC07700B484FF /* AppDelegate.m */ = {isa = PBXFileReference; lastKnownFileType = sourcecode.c.objc; path = AppDelegate.m; sourceTree = "<group>"; };
		C69EE47D16DFB4EE0074AF3D /* LangLink.h */ = {isa = PBXFileReference; fileEncoding = 4; lastKnownFileType = sourcecode.c.h; path = LangLink.h; sourceTree = "<group>"; };
		C69EE47E16DFB4EE0074AF3D /* LangLink.m */ = {isa = PBXFileReference; fileEncoding = 4; lastKnownFileType = sourcecode.c.objc; path = LangLink.m; sourceTree = "<group>"; };
		C69EE48116DFB4EE0074AF3D /* SiteManager.h */ = {isa = PBXFileReference; fileEncoding = 4; lastKnownFileType = sourcecode.c.h; path = SiteManager.h; sourceTree = "<group>"; };
		C69EE48216DFB4EE0074AF3D /* SiteManager.m */ = {isa = PBXFileReference; fileEncoding = 4; lastKnownFileType = sourcecode.c.objc; path = SiteManager.m; sourceTree = "<group>"; };
		C69EE48316DFB4EE0074AF3D /* WikiApi.h */ = {isa = PBXFileReference; fileEncoding = 4; lastKnownFileType = sourcecode.c.h; path = WikiApi.h; sourceTree = "<group>"; };
		C69EE48416DFB4EE0074AF3D /* WikiApi.m */ = {isa = PBXFileReference; fileEncoding = 4; lastKnownFileType = sourcecode.c.objc; path = WikiApi.m; sourceTree = "<group>"; };
		C69EE48516DFB4EE0074AF3D /* WikiHistory.h */ = {isa = PBXFileReference; fileEncoding = 4; lastKnownFileType = sourcecode.c.h; path = WikiHistory.h; sourceTree = "<group>"; };
		C69EE48616DFB4EE0074AF3D /* WikiHistory.m */ = {isa = PBXFileReference; fileEncoding = 4; lastKnownFileType = sourcecode.c.objc; path = WikiHistory.m; sourceTree = "<group>"; };
		C69EE48716DFB4EE0074AF3D /* WikiOpenSearch.h */ = {isa = PBXFileReference; fileEncoding = 4; lastKnownFileType = sourcecode.c.h; path = WikiOpenSearch.h; sourceTree = "<group>"; };
		C69EE48816DFB4EE0074AF3D /* WikiOpenSearch.m */ = {isa = PBXFileReference; fileEncoding = 4; lastKnownFileType = sourcecode.c.objc; path = WikiOpenSearch.m; sourceTree = "<group>"; };
		C69EE48916DFB4EE0074AF3D /* WikiPageInfo.h */ = {isa = PBXFileReference; fileEncoding = 4; lastKnownFileType = sourcecode.c.h; path = WikiPageInfo.h; sourceTree = "<group>"; };
		C69EE48A16DFB4EE0074AF3D /* WikiPageInfo.m */ = {isa = PBXFileReference; fileEncoding = 4; lastKnownFileType = sourcecode.c.objc; path = WikiPageInfo.m; sourceTree = "<group>"; };
		C69EE48B16DFB4EE0074AF3D /* WikiRecord.h */ = {isa = PBXFileReference; fileEncoding = 4; lastKnownFileType = sourcecode.c.h; path = WikiRecord.h; sourceTree = "<group>"; };
		C69EE48C16DFB4EE0074AF3D /* WikiRecord.m */ = {isa = PBXFileReference; fileEncoding = 4; lastKnownFileType = sourcecode.c.objc; path = WikiRecord.m; sourceTree = "<group>"; };
		C69EE48D16DFB4EE0074AF3D /* WikiSection.h */ = {isa = PBXFileReference; fileEncoding = 4; lastKnownFileType = sourcecode.c.h; path = WikiSection.h; sourceTree = "<group>"; };
		C69EE48E16DFB4EE0074AF3D /* WikiSection.m */ = {isa = PBXFileReference; fileEncoding = 4; lastKnownFileType = sourcecode.c.objc; path = WikiSection.m; sourceTree = "<group>"; };
		C69EE48F16DFB4EE0074AF3D /* WikiSite.h */ = {isa = PBXFileReference; fileEncoding = 4; lastKnownFileType = sourcecode.c.h; path = WikiSite.h; sourceTree = "<group>"; };
		C69EE49016DFB4EE0074AF3D /* WikiSite.m */ = {isa = PBXFileReference; fileEncoding = 4; lastKnownFileType = sourcecode.c.objc; path = WikiSite.m; sourceTree = "<group>"; };
		C69EE49C16DFB6A30074AF3D /* TableViewGestureRecognizer.h */ = {isa = PBXFileReference; fileEncoding = 4; lastKnownFileType = sourcecode.c.h; path = TableViewGestureRecognizer.h; sourceTree = "<group>"; };
		C69EE49D16DFB6A30074AF3D /* TableViewGestureRecognizer.m */ = {isa = PBXFileReference; fileEncoding = 4; lastKnownFileType = sourcecode.c.objc; path = TableViewGestureRecognizer.m; sourceTree = "<group>"; };
		C69EE49E16DFB6A30074AF3D /* TapDetectingWindow.h */ = {isa = PBXFileReference; fileEncoding = 4; lastKnownFileType = sourcecode.c.h; path = TapDetectingWindow.h; sourceTree = "<group>"; };
		C69EE49F16DFB6A30074AF3D /* TapDetectingWindow.m */ = {isa = PBXFileReference; fileEncoding = 4; lastKnownFileType = sourcecode.c.objc; path = TapDetectingWindow.m; sourceTree = "<group>"; };
		C69EE4A016DFB6A30074AF3D /* WikiSearchPanel.h */ = {isa = PBXFileReference; fileEncoding = 4; lastKnownFileType = sourcecode.c.h; path = WikiSearchPanel.h; sourceTree = "<group>"; };
		C69EE4A116DFB6A30074AF3D /* WikiSearchPanel.m */ = {isa = PBXFileReference; fileEncoding = 4; lastKnownFileType = sourcecode.c.objc; path = WikiSearchPanel.m; sourceTree = "<group>"; };
		C69EE4A216DFB6A30074AF3D /* WikiSearchPanel.xib */ = {isa = PBXFileReference; fileEncoding = 4; lastKnownFileType = file.xib; path = WikiSearchPanel.xib; sourceTree = "<group>"; };
		C6D7672016AC326A00CFC99A /* wiki-inject-functions.js */ = {isa = PBXFileReference; fileEncoding = 4; lastKnownFileType = sourcecode.javascript; path = "wiki-inject-functions.js"; sourceTree = "<group>"; };
		C6D7684416AEF59600CFC99A /* RegexKitLite.h */ = {isa = PBXFileReference; fileEncoding = 4; lastKnownFileType = sourcecode.c.h; path = RegexKitLite.h; sourceTree = "<group>"; };
		C6D7684516AEF59600CFC99A /* RegexKitLite.m */ = {isa = PBXFileReference; fileEncoding = 4; lastKnownFileType = sourcecode.c.objc; path = RegexKitLite.m; sourceTree = "<group>"; };
		C6D7684716AEF5AF00CFC99A /* libicucore.dylib */ = {isa = PBXFileReference; lastKnownFileType = "compiled.mach-o.dylib"; name = libicucore.dylib; path = usr/lib/libicucore.dylib; sourceTree = SDKROOT; };
		C6D7AB521652836500508B14 /* CHANGELOG.md */ = {isa = PBXFileReference; fileEncoding = 4; lastKnownFileType = text; path = CHANGELOG.md; sourceTree = "<group>"; };
		C6D7AB531652836500508B14 /* JSONKit.h */ = {isa = PBXFileReference; fileEncoding = 4; lastKnownFileType = sourcecode.c.h; path = JSONKit.h; sourceTree = "<group>"; };
		C6D7AB541652836500508B14 /* JSONKit.m */ = {isa = PBXFileReference; fileEncoding = 4; lastKnownFileType = sourcecode.c.objc; path = JSONKit.m; sourceTree = "<group>"; };
		C6D7AB551652836500508B14 /* README.md */ = {isa = PBXFileReference; fileEncoding = 4; lastKnownFileType = text; path = README.md; sourceTree = "<group>"; };
		C6D7AB5E1652874900508B14 /* FileUtil.h */ = {isa = PBXFileReference; fileEncoding = 4; lastKnownFileType = sourcecode.c.h; path = FileUtil.h; sourceTree = "<group>"; };
		C6D7AB5F1652874900508B14 /* FileUtil.m */ = {isa = PBXFileReference; fileEncoding = 4; lastKnownFileType = sourcecode.c.objc; path = FileUtil.m; sourceTree = "<group>"; };
		C6D7AB611652959600508B14 /* AppUtil.h */ = {isa = PBXFileReference; fileEncoding = 4; lastKnownFileType = sourcecode.c.h; path = AppUtil.h; sourceTree = "<group>"; };
		C6D7AB621652959600508B14 /* AppUtil.m */ = {isa = PBXFileReference; fileEncoding = 4; lastKnownFileType = sourcecode.c.objc; path = AppUtil.m; sourceTree = "<group>"; };
		C6D94D85164DE0C100587E0C /* MainViewController.h */ = {isa = PBXFileReference; fileEncoding = 4; lastKnownFileType = sourcecode.c.h; path = MainViewController.h; sourceTree = "<group>"; };
		C6D94D86164DE0C100587E0C /* MainViewController.m */ = {isa = PBXFileReference; fileEncoding = 4; lastKnownFileType = sourcecode.c.objc; path = MainViewController.m; sourceTree = "<group>"; };
		C6D94D87164DE0C100587E0C /* MainViewController.xib */ = {isa = PBXFileReference; fileEncoding = 4; lastKnownFileType = file.xib; path = MainViewController.xib; sourceTree = "<group>"; };
		C6D94D8A164DFE2C00587E0C /* Sites.plist */ = {isa = PBXFileReference; fileEncoding = 4; lastKnownFileType = text.plist.xml; path = Sites.plist; sourceTree = "<group>"; };
		C6EFA0DE16E78637006FE551 /* Button.h */ = {isa = PBXFileReference; fileEncoding = 4; lastKnownFileType = sourcecode.c.h; path = Button.h; sourceTree = "<group>"; };
		C6EFA0DF16E78637006FE551 /* Button.m */ = {isa = PBXFileReference; fileEncoding = 4; lastKnownFileType = sourcecode.c.objc; path = Button.m; sourceTree = "<group>"; };
		C6F9405716E20F16005DBBD5 /* Setting.h */ = {isa = PBXFileReference; fileEncoding = 4; lastKnownFileType = sourcecode.c.h; path = Setting.h; sourceTree = "<group>"; };
		C6F9405816E20F16005DBBD5 /* Setting.m */ = {isa = PBXFileReference; fileEncoding = 4; lastKnownFileType = sourcecode.c.objc; path = Setting.m; sourceTree = "<group>"; };
		C6F9405D16E33456005DBBD5 /* time-12-64.png */ = {isa = PBXFileReference; lastKnownFileType = image.png; path = "time-12-64.png"; sourceTree = "<group>"; };
		C6F9405E16E33456005DBBD5 /* star-5-64.png */ = {isa = PBXFileReference; lastKnownFileType = image.png; path = "star-5-64.png"; sourceTree = "<group>"; };
		C6F9405F16E33456005DBBD5 /* gear-4-64.png */ = {isa = PBXFileReference; lastKnownFileType = image.png; path = "gear-4-64.png"; sourceTree = "<group>"; };
		C6F9406016E33456005DBBD5 /* magnifier-2-64.png */ = {isa = PBXFileReference; lastKnownFileType = image.png; path = "magnifier-2-64.png"; sourceTree = "<group>"; };
		C6F9406116E33456005DBBD5 /* info-64.png */ = {isa = PBXFileReference; lastKnownFileType = image.png; path = "info-64.png"; sourceTree = "<group>"; };
		C6F9406216E33456005DBBD5 /* star-2-64.png */ = {isa = PBXFileReference; lastKnownFileType = image.png; path = "star-2-64.png"; sourceTree = "<group>"; };
		C6F9406316E33456005DBBD5 /* list-view-64.png */ = {isa = PBXFileReference; lastKnownFileType = image.png; path = "list-view-64.png"; sourceTree = "<group>"; };
		C6F9406B16E3379E005DBBD5 /* star-7-64.png */ = {isa = PBXFileReference; lastKnownFileType = image.png; path = "star-7-64.png"; sourceTree = "<group>"; };
		C6F9406E16E36574005DBBD5 /* SVProgressHUD.bundle */ = {isa = PBXFileReference; lastKnownFileType = "wrapper.plug-in"; path = SVProgressHUD.bundle; sourceTree = "<group>"; };
		C6F9406F16E36574005DBBD5 /* SVProgressHUD.h */ = {isa = PBXFileReference; fileEncoding = 4; lastKnownFileType = sourcecode.c.h; path = SVProgressHUD.h; sourceTree = "<group>"; };
		C6F9407016E36574005DBBD5 /* SVProgressHUD.m */ = {isa = PBXFileReference; fileEncoding = 4; lastKnownFileType = sourcecode.c.objc; path = SVProgressHUD.m; sourceTree = "<group>"; };
		C6FFF8E01719795300A4631B /* more.png */ = {isa = PBXFileReference; lastKnownFileType = image.png; path = more.png; sourceTree = "<group>"; };
		C6FFF8E21719834000A4631B /* help-6-64.png */ = {isa = PBXFileReference; lastKnownFileType = image.png; path = "help-6-64.png"; sourceTree = "<group>"; };
		C6FFF8E41719BFDC00A4631B /* StyledPageControl.h */ = {isa = PBXFileReference; fileEncoding = 4; lastKnownFileType = sourcecode.c.h; path = StyledPageControl.h; sourceTree = "<group>"; };
		C6FFF8E51719BFDC00A4631B /* StyledPageControl.m */ = {isa = PBXFileReference; fileEncoding = 4; lastKnownFileType = sourcecode.c.objc; path = StyledPageControl.m; sourceTree = "<group>"; };
		C6FFF8E9171A812900A4631B /* btn.png */ = {isa = PBXFileReference; lastKnownFileType = image.png; path = btn.png; sourceTree = "<group>"; };
		C6FFF903171AC82400A4631B /* btn_shrink_keyboard.png */ = {isa = PBXFileReference; lastKnownFileType = image.png; path = btn_shrink_keyboard.png; sourceTree = "<group>"; };
		C6FFF909171ACC2B00A4631B /* square-normal.png */ = {isa = PBXFileReference; lastKnownFileType = image.png; path = "square-normal.png"; sourceTree = "<group>"; };
		C6FFF90B171AFAA000A4631B /* square-highlight.png */ = {isa = PBXFileReference; lastKnownFileType = image.png; path = "square-highlight.png"; sourceTree = "<group>"; };
		C6FFF90D171B04EC00A4631B /* change-lang-tr.png */ = {isa = PBXFileReference; lastKnownFileType = image.png; path = "change-lang-tr.png"; sourceTree = "<group>"; };
		C6FFF90E171B04EC00A4631B /* change-lang-en.png */ = {isa = PBXFileReference; lastKnownFileType = image.png; path = "change-lang-en.png"; sourceTree = "<group>"; };
/* End PBXFileReference section */

/* Begin PBXFrameworksBuildPhase section */
		C69BB0F1165678B7002A1873 /* Frameworks */ = {
			isa = PBXFrameworksBuildPhase;
			buildActionMask = 2147483647;
			files = (
				C69BB12916568CD7002A1873 /* SystemConfiguration.framework in Frameworks */,
				C69BB10F165678DF002A1873 /* GHUnitIOS.framework in Frameworks */,
				C69BB0F6165678B7002A1873 /* UIKit.framework in Frameworks */,
				C69BB0F7165678B7002A1873 /* Foundation.framework in Frameworks */,
				C69BB0F8165678B7002A1873 /* CoreGraphics.framework in Frameworks */,
				C6471749169B28AC006ACC7A /* MobileCoreServices.framework in Frameworks */,
			);
			runOnlyForDeploymentPostprocessing = 0;
		};
		C69DB259160EC07700B484FF /* Frameworks */ = {
			isa = PBXFrameworksBuildPhase;
			buildActionMask = 2147483647;
			files = (
				C6921EAC16FD9A7800D18C22 /* CoreData.framework in Frameworks */,
				C615E21116BE23BE00506BE2 /* QuartzCore.framework in Frameworks */,
				C6D7684816AEF5B000CFC99A /* libicucore.dylib in Frameworks */,
				C6471748169B28A4006ACC7A /* MobileCoreServices.framework in Frameworks */,
				C69BB12A16568CEF002A1873 /* SystemConfiguration.framework in Frameworks */,
				C69DB261160EC07700B484FF /* UIKit.framework in Frameworks */,
				C69DB263160EC07700B484FF /* Foundation.framework in Frameworks */,
				C69DB265160EC07700B484FF /* CoreGraphics.framework in Frameworks */,
				C6921EA916FD917900D18C22 /* libGoogleAnalytics.a in Frameworks */,
				C6921EAA16FD917900D18C22 /* libGoogleAnalytics_debug.a in Frameworks */,
			);
			runOnlyForDeploymentPostprocessing = 0;
		};
/* End PBXFrameworksBuildPhase section */

/* Begin PBXGroup section */
		C6471742169B24E3006ACC7A /* images */ = {
			isa = PBXGroup;
			children = (
				C6FFF90D171B04EC00A4631B /* change-lang-tr.png */,
				C6FFF90E171B04EC00A4631B /* change-lang-en.png */,
				C6FFF90B171AFAA000A4631B /* square-highlight.png */,
				C6FFF909171ACC2B00A4631B /* square-normal.png */,
				C6FFF903171AC82400A4631B /* btn_shrink_keyboard.png */,
				C6FFF8E9171A812900A4631B /* btn.png */,
				C6FFF8E21719834000A4631B /* help-6-64.png */,
				C6FFF8E01719795300A4631B /* more.png */,
				C630F64D171938CA00196A47 /* removing.png */,
				C630F64F17193A2500196A47 /* adding.png */,
				C630F6511719410400196A47 /* section_jump.png */,
				C630F657171949D200196A47 /* backward-64.png */,
				C630F658171949D200196A47 /* forward-64.png */,
				C694256B16F9F1270094572E /* sun-4-58.png */,
				C694256716F9EF710094572E /* sun-4-64.png */,
				C6F9406B16E3379E005DBBD5 /* star-7-64.png */,
				C6F9405D16E33456005DBBD5 /* time-12-64.png */,
				C6F9405E16E33456005DBBD5 /* star-5-64.png */,
				C6F9405F16E33456005DBBD5 /* gear-4-64.png */,
				C6F9406016E33456005DBBD5 /* magnifier-2-64.png */,
				C6F9406116E33456005DBBD5 /* info-64.png */,
				C6F9406216E33456005DBBD5 /* star-2-64.png */,
				C6F9406316E33456005DBBD5 /* list-view-64.png */,
			);
			path = images;
			sourceTree = "<group>";
		};
		C6921EA116FD917900D18C22 /* GoogleAnalytic */ = {
			isa = PBXGroup;
			children = (
				C6921EA216FD917900D18C22 /* GAI.h */,
				C6921EA316FD917900D18C22 /* GAITrackedViewController.h */,
				C6921EA416FD917900D18C22 /* GAITracker.h */,
				C6921EA516FD917900D18C22 /* GAITransaction.h */,
				C6921EA616FD917900D18C22 /* GAITransactionItem.h */,
				C6921EA716FD917900D18C22 /* libGoogleAnalytics.a */,
				C6921EA816FD917900D18C22 /* libGoogleAnalytics_debug.a */,
			);
			path = GoogleAnalytic;
			sourceTree = "<group>";
		};
		C69BB0D216566AA0002A1873 /* AFNetworking */ = {
			isa = PBXGroup;
			children = (
				C69BB0D316566AA0002A1873 /* AFHTTPClient.h */,
				C69BB0D416566AA0002A1873 /* AFHTTPClient.m */,
				C69BB0D516566AA0002A1873 /* AFHTTPRequestOperation.h */,
				C69BB0D616566AA0002A1873 /* AFHTTPRequestOperation.m */,
				C69BB0D716566AA0002A1873 /* AFImageRequestOperation.h */,
				C69BB0D816566AA0002A1873 /* AFImageRequestOperation.m */,
				C69BB0D916566AA0002A1873 /* AFJSONRequestOperation.h */,
				C69BB0DA16566AA0002A1873 /* AFJSONRequestOperation.m */,
				C69BB0DB16566AA0002A1873 /* AFNetworkActivityIndicatorManager.h */,
				C69BB0DC16566AA0002A1873 /* AFNetworkActivityIndicatorManager.m */,
				C69BB0DD16566AA0002A1873 /* AFNetworking.h */,
				C69BB0DE16566AA0002A1873 /* AFPropertyListRequestOperation.h */,
				C69BB0DF16566AA0002A1873 /* AFPropertyListRequestOperation.m */,
				C69BB0E016566AA0002A1873 /* AFURLConnectionOperation.h */,
				C69BB0E116566AA0002A1873 /* AFURLConnectionOperation.m */,
				C69BB0E216566AA0002A1873 /* AFXMLRequestOperation.h */,
				C69BB0E316566AA0002A1873 /* AFXMLRequestOperation.m */,
				C69BB0E416566AA0002A1873 /* UIImageView+AFNetworking.h */,
				C69BB0E516566AA0002A1873 /* UIImageView+AFNetworking.m */,
			);
			path = AFNetworking;
			sourceTree = "<group>";
		};
		C69BB0F9165678B7002A1873 /* Tests */ = {
			isa = PBXGroup;
			children = (
				C69BB11116567A3D002A1873 /* GHUnitIOSTestMain.m */,
				C69BB0FA165678B7002A1873 /* Supporting Files */,
				C69BB11416567B6E002A1873 /* PageTest.m */,
			);
			path = Tests;
			sourceTree = "<group>";
		};
		C69BB0FA165678B7002A1873 /* Supporting Files */ = {
			isa = PBXGroup;
			children = (
				C69BB0FB165678B7002A1873 /* Tests-Info.plist */,
				C69BB0FC165678B7002A1873 /* InfoPlist.strings */,
				C69BB101165678B7002A1873 /* Tests-Prefix.pch */,
			);
			name = "Supporting Files";
			sourceTree = "<group>";
		};
		C69DB251160EC07700B484FF = {
			isa = PBXGroup;
			children = (
				C6921EB116FDBB0700D18C22 /* Default.png */,
				C6921EAF16FDBA5500D18C22 /* Default@2x.png */,
				C6921EAD16FDB76C00D18C22 /* Default-568h@2x.png */,
				C603784316FCAC7E00020AA0 /* ductionary-114.png */,
				C603784116FCAC5000020AA0 /* ductionary-57.png */,
				C69DB266160EC07700B484FF /* Wikish */,
				C69BB0F9165678B7002A1873 /* Tests */,
				C69DB25F160EC07700B484FF /* Frameworks */,
				C69DB25D160EC07700B484FF /* Products */,
			);
			sourceTree = "<group>";
		};
		C69DB25D160EC07700B484FF /* Products */ = {
			isa = PBXGroup;
			children = (
				C69DB25C160EC07700B484FF /* Wikish.app */,
				C69BB0F4165678B7002A1873 /* Tests.app */,
			);
			name = Products;
			sourceTree = "<group>";
		};
		C69DB25F160EC07700B484FF /* Frameworks */ = {
			isa = PBXGroup;
			children = (
				C6921EA116FD917900D18C22 /* GoogleAnalytic */,
				C615E21016BE23BE00506BE2 /* QuartzCore.framework */,
				C6D7684716AEF5AF00CFC99A /* libicucore.dylib */,
				C6921EAB16FD9A7800D18C22 /* CoreData.framework */,
				C6D7684316AEF59600CFC99A /* RegexKitLite */,
				C6471747169B28A4006ACC7A /* MobileCoreServices.framework */,
				C69BB12816568CD6002A1873 /* SystemConfiguration.framework */,
				C69BB10E165678DE002A1873 /* GHUnitIOS.framework */,
				C69BB0D216566AA0002A1873 /* AFNetworking */,
				C6D7AB511652836500508B14 /* JSONKit */,
				C69DB260160EC07700B484FF /* UIKit.framework */,
				C69DB262160EC07700B484FF /* Foundation.framework */,
				C69DB264160EC07700B484FF /* CoreGraphics.framework */,
			);
			name = Frameworks;
			sourceTree = "<group>";
		};
		C69DB266160EC07700B484FF /* Wikish */ = {
			isa = PBXGroup;
			children = (
				C69EE49B16DFB6A30074AF3D /* View */,
				C69EE47C16DFB4EE0074AF3D /* Model */,
				C6D7671E16ABC45300CFC99A /* JS */,
				C6D7AB5D1652873B00508B14 /* Helpers */,
				C6D94D84164DE0AD00587E0C /* Controller */,
				C69DB26F160EC07700B484FF /* AppDelegate.h */,
				C69DB270160EC07700B484FF /* AppDelegate.m */,
				C69DB267160EC07700B484FF /* Supporting Files */,
				C6D94D8A164DFE2C00587E0C /* Sites.plist */,
				C69BB1301658C24A002A1873 /* Constants.h */,
				C696DD5A16E0CD8A009A7A58 /* Constants.m */,
			);
			path = Wikish;
			sourceTree = "<group>";
		};
		C69DB267160EC07700B484FF /* Supporting Files */ = {
			isa = PBXGroup;
			children = (
				C64ECDE816C49A9C006D3767 /* Wikish-Info.plist */,
				C6471744169B24F7006ACC7A /* wiki-page-head-html.txt */,
				C6471742169B24E3006ACC7A /* images */,
				C69DB269160EC07700B484FF /* InfoPlist.strings */,
				C69DB26C160EC07700B484FF /* main.m */,
				C69DB26E160EC07700B484FF /* Wikish-Prefix.pch */,
				C64ECDDE16C32A92006D3767 /* Localizable.strings */,
			);
			name = "Supporting Files";
			sourceTree = "<group>";
		};
		C69EE47C16DFB4EE0074AF3D /* Model */ = {
			isa = PBXGroup;
			children = (
				C69EE48316DFB4EE0074AF3D /* WikiApi.h */,
				C69EE48416DFB4EE0074AF3D /* WikiApi.m */,
				C69EE48116DFB4EE0074AF3D /* SiteManager.h */,
				C69EE48216DFB4EE0074AF3D /* SiteManager.m */,
				C69EE48F16DFB4EE0074AF3D /* WikiSite.h */,
				C69EE49016DFB4EE0074AF3D /* WikiSite.m */,
				C69EE47D16DFB4EE0074AF3D /* LangLink.h */,
				C69EE47E16DFB4EE0074AF3D /* LangLink.m */,
				C69EE48716DFB4EE0074AF3D /* WikiOpenSearch.h */,
				C69EE48816DFB4EE0074AF3D /* WikiOpenSearch.m */,
				C69EE48916DFB4EE0074AF3D /* WikiPageInfo.h */,
				C69EE48A16DFB4EE0074AF3D /* WikiPageInfo.m */,
				C69EE48D16DFB4EE0074AF3D /* WikiSection.h */,
				C69EE48E16DFB4EE0074AF3D /* WikiSection.m */,
				C69EE48516DFB4EE0074AF3D /* WikiHistory.h */,
				C69EE48616DFB4EE0074AF3D /* WikiHistory.m */,
				C69EE48B16DFB4EE0074AF3D /* WikiRecord.h */,
				C69EE48C16DFB4EE0074AF3D /* WikiRecord.m */,
				C6F9405716E20F16005DBBD5 /* Setting.h */,
				C6F9405816E20F16005DBBD5 /* Setting.m */,
			);
			path = Model;
			sourceTree = "<group>";
		};
		C69EE49B16DFB6A30074AF3D /* View */ = {
			isa = PBXGroup;
			children = (
				C6F9406D16E36574005DBBD5 /* SVProgressHUD */,
				C69EE49C16DFB6A30074AF3D /* TableViewGestureRecognizer.h */,
				C69EE49D16DFB6A30074AF3D /* TableViewGestureRecognizer.m */,
				C69EE49E16DFB6A30074AF3D /* TapDetectingWindow.h */,
				C69EE49F16DFB6A30074AF3D /* TapDetectingWindow.m */,
				C69EE4A016DFB6A30074AF3D /* WikiSearchPanel.h */,
				C69EE4A116DFB6A30074AF3D /* WikiSearchPanel.m */,
				C69EE4A216DFB6A30074AF3D /* WikiSearchPanel.xib */,
				C6EFA0DE16E78637006FE551 /* Button.h */,
				C6EFA0DF16E78637006FE551 /* Button.m */,
				C6FFF8E41719BFDC00A4631B /* StyledPageControl.h */,
				C6FFF8E51719BFDC00A4631B /* StyledPageControl.m */,
			);
			path = View;
			sourceTree = "<group>";
		};
		C6D7671E16ABC45300CFC99A /* JS */ = {
			isa = PBXGroup;
			children = (
				C6D7672016AC326A00CFC99A /* wiki-inject-functions.js */,
			);
			path = JS;
			sourceTree = "<group>";
		};
		C6D7684316AEF59600CFC99A /* RegexKitLite */ = {
			isa = PBXGroup;
			children = (
				C6D7684416AEF59600CFC99A /* RegexKitLite.h */,
				C6D7684516AEF59600CFC99A /* RegexKitLite.m */,
			);
			path = RegexKitLite;
			sourceTree = "<group>";
		};
		C6D7AB511652836500508B14 /* JSONKit */ = {
			isa = PBXGroup;
			children = (
				C6D7AB521652836500508B14 /* CHANGELOG.md */,
				C6D7AB531652836500508B14 /* JSONKit.h */,
				C6D7AB541652836500508B14 /* JSONKit.m */,
				C6D7AB551652836500508B14 /* README.md */,
			);
			path = JSONKit;
			sourceTree = "<group>";
		};
		C6D7AB5D1652873B00508B14 /* Helpers */ = {
			isa = PBXGroup;
			children = (
				C67F8C641699A9BA004C9B3D /* AutoPropertyRelease.h */,
				C67F8C651699A9BA004C9B3D /* AutoPropertyRelease.m */,
				C6D7AB5E1652874900508B14 /* FileUtil.h */,
				C6D7AB5F1652874900508B14 /* FileUtil.m */,
				C6D7AB611652959600508B14 /* AppUtil.h */,
				C6D7AB621652959600508B14 /* AppUtil.m */,
				C69BB1311658C4B0002A1873 /* WikishFileUtil.h */,
				C69BB1321658C4B1002A1873 /* WikishFileUtil.m */,
				C69BB1351658C8E0002A1873 /* NSString+Wikish.h */,
				C69BB1361658C8E1002A1873 /* NSString+Wikish.m */,
				C66C343616FAEC5E00DB3926 /* Macros.h */,
			);
			path = Helpers;
			sourceTree = "<group>";
		};
		C6D94D84164DE0AD00587E0C /* Controller */ = {
			isa = PBXGroup;
			children = (
				C6D94D85164DE0C100587E0C /* MainViewController.h */,
				C6D94D86164DE0C100587E0C /* MainViewController.m */,
				C6D94D87164DE0C100587E0C /* MainViewController.xib */,
				C64ECDCF16C2A9C2006D3767 /* SettingViewController.h */,
				C64ECDD016C2A9C2006D3767 /* SettingViewController.m */,
				C64ECDD116C2A9C2006D3767 /* SettingViewController.xib */,
				C696DD5C16E0D0C8009A7A58 /* HistoryTableController.h */,
				C696DD5D16E0D0C8009A7A58 /* HistoryTableController.m */,
				C696DD5F16E0D0E2009A7A58 /* SectionTableController.h */,
				C696DD6016E0D0E2009A7A58 /* SectionTableController.m */,
				C696DD6516E0D81D009A7A58 /* MainTableController.h */,
				C696DD6616E0D81D009A7A58 /* MainTableController.m */,
				C64FD07B1717E52E00AB7236 /* HelpController.h */,
				C64FD07C1717E52E00AB7236 /* HelpController.m */,
				C64FD07D1717E52E00AB7236 /* HelpController.xib */,
			);
			path = Controller;
			sourceTree = "<group>";
		};
		C6F9406D16E36574005DBBD5 /* SVProgressHUD */ = {
			isa = PBXGroup;
			children = (
				C6F9406E16E36574005DBBD5 /* SVProgressHUD.bundle */,
				C6F9406F16E36574005DBBD5 /* SVProgressHUD.h */,
				C6F9407016E36574005DBBD5 /* SVProgressHUD.m */,
			);
			path = SVProgressHUD;
			sourceTree = "<group>";
		};
/* End PBXGroup section */

/* Begin PBXNativeTarget section */
		C69BB0F3165678B7002A1873 /* Tests */ = {
			isa = PBXNativeTarget;
			buildConfigurationList = C69BB10B165678B8002A1873 /* Build configuration list for PBXNativeTarget "Tests" */;
			buildPhases = (
				C69BB0F0165678B7002A1873 /* Sources */,
				C69BB0F1165678B7002A1873 /* Frameworks */,
				C69BB0F2165678B7002A1873 /* Resources */,
			);
			buildRules = (
			);
			dependencies = (
			);
			name = Tests;
			productName = Tests;
			productReference = C69BB0F4165678B7002A1873 /* Tests.app */;
			productType = "com.apple.product-type.application";
		};
		C69DB25B160EC07700B484FF /* Wikish */ = {
			isa = PBXNativeTarget;
			buildConfigurationList = C69DB27A160EC07700B484FF /* Build configuration list for PBXNativeTarget "Wikish" */;
			buildPhases = (
				C69DB258160EC07700B484FF /* Sources */,
				C69DB259160EC07700B484FF /* Frameworks */,
				C69DB25A160EC07700B484FF /* Resources */,
			);
			buildRules = (
			);
			dependencies = (
			);
			name = Wikish;
			productName = Wikish;
			productReference = C69DB25C160EC07700B484FF /* Wikish.app */;
			productType = "com.apple.product-type.application";
		};
/* End PBXNativeTarget section */

/* Begin PBXProject section */
		C69DB253160EC07700B484FF /* Project object */ = {
			isa = PBXProject;
			attributes = {
				LastUpgradeCheck = 0460;
				ORGANIZATIONNAME = "Side Trip";
			};
			buildConfigurationList = C69DB256160EC07700B484FF /* Build configuration list for PBXProject "Wikish" */;
			compatibilityVersion = "Xcode 3.2";
			developmentRegion = English;
			hasScannedForEncodings = 0;
			knownRegions = (
				en,
				"zh-Hans",
			);
			mainGroup = C69DB251160EC07700B484FF;
			productRefGroup = C69DB25D160EC07700B484FF /* Products */;
			projectDirPath = "";
			projectRoot = "";
			targets = (
				C69DB25B160EC07700B484FF /* Wikish */,
				C69BB0F3165678B7002A1873 /* Tests */,
			);
		};
/* End PBXProject section */

/* Begin PBXResourcesBuildPhase section */
		C69BB0F2165678B7002A1873 /* Resources */ = {
			isa = PBXResourcesBuildPhase;
			buildActionMask = 2147483647;
			files = (
				C69BB0FE165678B7002A1873 /* InfoPlist.strings in Resources */,
				C69BB11916568C46002A1873 /* MainViewController.xib in Resources */,
				C69BB12B16568EC9002A1873 /* Sites.plist in Resources */,
				C6D7672416AC3CE500CFC99A /* wiki-inject-functions.js in Resources */,
			);
			runOnlyForDeploymentPostprocessing = 0;
		};
		C69DB25A160EC07700B484FF /* Resources */ = {
			isa = PBXResourcesBuildPhase;
			buildActionMask = 2147483647;
			files = (
				C69DB26B160EC07700B484FF /* InfoPlist.strings in Resources */,
				C6D94D89164DE0C100587E0C /* MainViewController.xib in Resources */,
				C6D94D8B164DFE2C00587E0C /* Sites.plist in Resources */,
				C6D7AB561652836500508B14 /* CHANGELOG.md in Resources */,
				C6D7AB581652836500508B14 /* README.md in Resources */,
				C6D7672316AC3CE400CFC99A /* wiki-inject-functions.js in Resources */,
				C64ECDD316C2A9C2006D3767 /* SettingViewController.xib in Resources */,
				C64ECDDC16C32A92006D3767 /* Localizable.strings in Resources */,
				C69EE4A616DFB6A30074AF3D /* WikiSearchPanel.xib in Resources */,
				C6F9406416E33456005DBBD5 /* time-12-64.png in Resources */,
				C6F9406516E33456005DBBD5 /* star-5-64.png in Resources */,
				C6F9406616E33456005DBBD5 /* gear-4-64.png in Resources */,
				C6F9406716E33456005DBBD5 /* magnifier-2-64.png in Resources */,
				C6F9406816E33456005DBBD5 /* info-64.png in Resources */,
				C6F9406916E33456005DBBD5 /* star-2-64.png in Resources */,
				C6F9406A16E33456005DBBD5 /* list-view-64.png in Resources */,
				C6F9406C16E3379E005DBBD5 /* star-7-64.png in Resources */,
				C6F9407116E36574005DBBD5 /* SVProgressHUD.bundle in Resources */,
				C603784216FCAC5000020AA0 /* ductionary-57.png in Resources */,
				C603784416FCAC7E00020AA0 /* ductionary-114.png in Resources */,
				C694256816F9EF710094572E /* sun-4-64.png in Resources */,
				C694256C16F9F1270094572E /* sun-4-58.png in Resources */,
				C6921EAE16FDB76D00D18C22 /* Default-568h@2x.png in Resources */,
				C6921EB016FDBA5500D18C22 /* Default@2x.png in Resources */,
				C6921EB216FDBB0700D18C22 /* Default.png in Resources */,
				C64FD07F1717E52E00AB7236 /* HelpController.xib in Resources */,
				C630F64E171938CA00196A47 /* removing.png in Resources */,
				C630F65017193A2500196A47 /* adding.png in Resources */,
				C630F6521719410400196A47 /* section_jump.png in Resources */,
				C630F659171949D200196A47 /* backward-64.png in Resources */,
				C630F65A171949D200196A47 /* forward-64.png in Resources */,
				C6FFF8E11719795300A4631B /* more.png in Resources */,
				C6FFF8E31719834000A4631B /* help-6-64.png in Resources */,
				C6FFF8EA171A812900A4631B /* btn.png in Resources */,
				C6FFF904171AC82400A4631B /* btn_shrink_keyboard.png in Resources */,
				C6FFF90A171ACC2B00A4631B /* square-normal.png in Resources */,
				C6FFF90C171AFAA100A4631B /* square-highlight.png in Resources */,
				C6FFF90F171B04EC00A4631B /* change-lang-tr.png in Resources */,
				C6FFF910171B04EC00A4631B /* change-lang-en.png in Resources */,
			);
			runOnlyForDeploymentPostprocessing = 0;
		};
/* End PBXResourcesBuildPhase section */

/* Begin PBXSourcesBuildPhase section */
		C69BB0F0165678B7002A1873 /* Sources */ = {
			isa = PBXSourcesBuildPhase;
			buildActionMask = 2147483647;
			files = (
				C69BB11216567A3D002A1873 /* GHUnitIOSTestMain.m in Sources */,
				C69BB11516567B6F002A1873 /* PageTest.m in Sources */,
				C69BB11616568C39002A1873 /* FileUtil.m in Sources */,
				C69BB11716568C3D002A1873 /* AppUtil.m in Sources */,
				C69BB11816568C41002A1873 /* MainViewController.m in Sources */,
				C69BB11E16568C67002A1873 /* AFHTTPClient.m in Sources */,
				C69BB11F16568C69002A1873 /* AFHTTPRequestOperation.m in Sources */,
				C69BB12016568C6D002A1873 /* AFImageRequestOperation.m in Sources */,
				C69BB12116568C70002A1873 /* AFJSONRequestOperation.m in Sources */,
				C69BB12216568C73002A1873 /* AFNetworkActivityIndicatorManager.m in Sources */,
				C69BB12316568C7A002A1873 /* AFPropertyListRequestOperation.m in Sources */,
				C69BB12416568C7C002A1873 /* AFURLConnectionOperation.m in Sources */,
				C69BB12516568C7F002A1873 /* AFXMLRequestOperation.m in Sources */,
				C69BB12616568C81002A1873 /* UIImageView+AFNetworking.m in Sources */,
				C69BB12716568C88002A1873 /* JSONKit.m in Sources */,
				C69BB1341658C4B1002A1873 /* WikishFileUtil.m in Sources */,
				C69BB1381658C8E2002A1873 /* NSString+Wikish.m in Sources */,
			);
			runOnlyForDeploymentPostprocessing = 0;
		};
		C69DB258160EC07700B484FF /* Sources */ = {
			isa = PBXSourcesBuildPhase;
			buildActionMask = 2147483647;
			files = (
				C69DB26D160EC07700B484FF /* main.m in Sources */,
				C69DB271160EC07700B484FF /* AppDelegate.m in Sources */,
				C6D94D88164DE0C100587E0C /* MainViewController.m in Sources */,
				C6D7AB601652874900508B14 /* FileUtil.m in Sources */,
				C6D7AB631652959600508B14 /* AppUtil.m in Sources */,
				C69BB0E616566AA0002A1873 /* AFHTTPClient.m in Sources */,
				C69BB0E716566AA0002A1873 /* AFHTTPRequestOperation.m in Sources */,
				C69BB0E816566AA0002A1873 /* AFImageRequestOperation.m in Sources */,
				C69BB0E916566AA0002A1873 /* AFJSONRequestOperation.m in Sources */,
				C69BB0EA16566AA0002A1873 /* AFNetworkActivityIndicatorManager.m in Sources */,
				C69BB0EB16566AA0002A1873 /* AFPropertyListRequestOperation.m in Sources */,
				C69BB0EC16566AA0002A1873 /* AFURLConnectionOperation.m in Sources */,
				C69BB0ED16566AA0002A1873 /* AFXMLRequestOperation.m in Sources */,
				C69BB0EE16566AA0002A1873 /* UIImageView+AFNetworking.m in Sources */,
				C69BB1331658C4B1002A1873 /* WikishFileUtil.m in Sources */,
				C69BB1371658C8E2002A1873 /* NSString+Wikish.m in Sources */,
				C64ECDD216C2A9C2006D3767 /* SettingViewController.m in Sources */,
				C69EE49116DFB4EE0074AF3D /* LangLink.m in Sources */,
				C69EE49316DFB4EE0074AF3D /* SiteManager.m in Sources */,
				C69EE49416DFB4EE0074AF3D /* WikiApi.m in Sources */,
				C69EE49516DFB4EE0074AF3D /* WikiHistory.m in Sources */,
				C69EE49616DFB4EE0074AF3D /* WikiOpenSearch.m in Sources */,
				C69EE49716DFB4EE0074AF3D /* WikiPageInfo.m in Sources */,
				C69EE49816DFB4EE0074AF3D /* WikiRecord.m in Sources */,
				C69EE49916DFB4EE0074AF3D /* WikiSection.m in Sources */,
				C69EE49A16DFB4EE0074AF3D /* WikiSite.m in Sources */,
				C69EE4A316DFB6A30074AF3D /* TableViewGestureRecognizer.m in Sources */,
				C69EE4A416DFB6A30074AF3D /* TapDetectingWindow.m in Sources */,
				C69EE4A516DFB6A30074AF3D /* WikiSearchPanel.m in Sources */,
				C696DD5B16E0CD8A009A7A58 /* Constants.m in Sources */,
				C696DD5E16E0D0C8009A7A58 /* HistoryTableController.m in Sources */,
				C696DD6116E0D0E2009A7A58 /* SectionTableController.m in Sources */,
				C696DD6716E0D81E009A7A58 /* MainTableController.m in Sources */,
				C6F9405916E20F17005DBBD5 /* Setting.m in Sources */,
				C6F9407216E36574005DBBD5 /* SVProgressHUD.m in Sources */,
				C6EFA0E016E78637006FE551 /* Button.m in Sources */,
				C64FD07E1717E52E00AB7236 /* HelpController.m in Sources */,
				C6FFF8E61719BFDC00A4631B /* StyledPageControl.m in Sources */,
				C6FFF8E7171A57B200A4631B /* JSONKit.m in Sources */,
				C6FFF8E8171A57BB00A4631B /* RegexKitLite.m in Sources */,
			);
			runOnlyForDeploymentPostprocessing = 0;
		};
/* End PBXSourcesBuildPhase section */

/* Begin PBXVariantGroup section */
		C64ECDDE16C32A92006D3767 /* Localizable.strings */ = {
			isa = PBXVariantGroup;
			children = (
				C64ECDDD16C32A92006D3767 /* en */,
				C64ECDE016C32AD1006D3767 /* zh-Hans */,
			);
			name = Localizable.strings;
			sourceTree = "<group>";
		};
		C69BB0FC165678B7002A1873 /* InfoPlist.strings */ = {
			isa = PBXVariantGroup;
			children = (
				C69BB0FD165678B7002A1873 /* en */,
				C64ECDE116C32AD1006D3767 /* zh-Hans */,
			);
			name = InfoPlist.strings;
			sourceTree = "<group>";
		};
		C69DB269160EC07700B484FF /* InfoPlist.strings */ = {
			isa = PBXVariantGroup;
			children = (
				C69DB26A160EC07700B484FF /* en */,
				C603784516FCACC800020AA0 /* zh-Hans */,
			);
			name = InfoPlist.strings;
			sourceTree = "<group>";
		};
/* End PBXVariantGroup section */

/* Begin XCBuildConfiguration section */
		C69BB10C165678B8002A1873 /* Debug */ = {
			isa = XCBuildConfiguration;
			buildSettings = {
				"CODE_SIGN_IDENTITY[sdk=iphoneos*]" = "iPhone Developer";
				FRAMEWORK_SEARCH_PATHS = (
					"$(inherited)",
					"\"$(SRCROOT)/../../../Framework\"",
				);
				GCC_PRECOMPILE_PREFIX_HEADER = YES;
				GCC_PREFIX_HEADER = "Tests/Tests-Prefix.pch";
				INFOPLIST_FILE = "Tests/Tests-Info.plist";
				ONLY_ACTIVE_ARCH = YES;
				OTHER_LDFLAGS = (
					"-all_load",
					"-ObjC",
				);
				PRODUCT_NAME = "$(TARGET_NAME)";
				WRAPPER_EXTENSION = app;
			};
			name = Debug;
		};
		C69BB10D165678B8002A1873 /* Release */ = {
			isa = XCBuildConfiguration;
			buildSettings = {
				"CODE_SIGN_IDENTITY[sdk=iphoneos*]" = "iPhone Developer";
				FRAMEWORK_SEARCH_PATHS = (
					"$(inherited)",
					"\"$(SRCROOT)/../../../Framework\"",
				);
				GCC_PRECOMPILE_PREFIX_HEADER = YES;
				GCC_PREFIX_HEADER = "Tests/Tests-Prefix.pch";
				INFOPLIST_FILE = "Tests/Tests-Info.plist";
				OTHER_LDFLAGS = (
					"-all_load",
					"-ObjC",
				);
				PRODUCT_NAME = "$(TARGET_NAME)";
				WRAPPER_EXTENSION = app;
			};
			name = Release;
		};
		C69DB278160EC07700B484FF /* Debug */ = {
			isa = XCBuildConfiguration;
			buildSettings = {
				ALWAYS_SEARCH_USER_PATHS = NO;
				CLANG_CXX_LANGUAGE_STANDARD = "gnu++0x";
				CLANG_CXX_LIBRARY = "libc++";
				CLANG_WARN_EMPTY_BODY = YES;
				CLANG_WARN__DUPLICATE_METHOD_MATCH = YES;
				"CODE_SIGN_IDENTITY[sdk=iphoneos*]" = "iPhone Developer";
				COPY_PHASE_STRIP = NO;
				GCC_C_LANGUAGE_STANDARD = gnu99;
				GCC_DYNAMIC_NO_PIC = NO;
				GCC_OPTIMIZATION_LEVEL = 0;
				GCC_PREPROCESSOR_DEFINITIONS = (
					"DEBUG=1",
					"$(inherited)",
				);
				GCC_SYMBOLS_PRIVATE_EXTERN = NO;
				GCC_WARN_ABOUT_RETURN_TYPE = YES;
				GCC_WARN_UNINITIALIZED_AUTOS = YES;
				GCC_WARN_UNUSED_VARIABLE = YES;
				IPHONEOS_DEPLOYMENT_TARGET = 5.0;
				SDKROOT = iphoneos;
			};
			name = Debug;
		};
		C69DB279160EC07700B484FF /* Release */ = {
			isa = XCBuildConfiguration;
			buildSettings = {
				ALWAYS_SEARCH_USER_PATHS = NO;
				CLANG_CXX_LANGUAGE_STANDARD = "gnu++0x";
				CLANG_CXX_LIBRARY = "libc++";
				CLANG_WARN_EMPTY_BODY = YES;
				CLANG_WARN__DUPLICATE_METHOD_MATCH = YES;
				"CODE_SIGN_IDENTITY[sdk=iphoneos*]" = "iPhone Developer";
				COPY_PHASE_STRIP = YES;
				GCC_C_LANGUAGE_STANDARD = gnu99;
				GCC_WARN_ABOUT_RETURN_TYPE = YES;
				GCC_WARN_UNINITIALIZED_AUTOS = YES;
				GCC_WARN_UNUSED_VARIABLE = YES;
				IPHONEOS_DEPLOYMENT_TARGET = 5.0;
				OTHER_CFLAGS = "-DNS_BLOCK_ASSERTIONS=1";
				SDKROOT = iphoneos;
				VALIDATE_PRODUCT = YES;
			};
			name = Release;
		};
		C69DB27B160EC07700B484FF /* Debug */ = {
			isa = XCBuildConfiguration;
			buildSettings = {
				CLANG_ENABLE_OBJC_ARC = YES;
				GCC_PRECOMPILE_PREFIX_HEADER = YES;
				GCC_PREFIX_HEADER = "Wikish/Wikish-Prefix.pch";
				INFOPLIST_FILE = "Wikish/Wikish-Info.plist";
				IPHONEOS_DEPLOYMENT_TARGET = 5.0;
				LIBRARY_SEARCH_PATHS = (
					"$(inherited)",
					"\"$(SRCROOT)/GoogleAnalytic\"",
				);
				ONLY_ACTIVE_ARCH = NO;
				PRODUCT_NAME = "$(TARGET_NAME)";
				WRAPPER_EXTENSION = app;
			};
			name = Debug;
		};
		C69DB27C160EC07700B484FF /* Release */ = {
			isa = XCBuildConfiguration;
			buildSettings = {
				CLANG_ENABLE_OBJC_ARC = YES;
				GCC_PRECOMPILE_PREFIX_HEADER = YES;
				GCC_PREFIX_HEADER = "Wikish/Wikish-Prefix.pch";
				INFOPLIST_FILE = "Wikish/Wikish-Info.plist";
				IPHONEOS_DEPLOYMENT_TARGET = 5.0;
				LIBRARY_SEARCH_PATHS = (
					"$(inherited)",
					"\"$(SRCROOT)/GoogleAnalytic\"",
				);
				ONLY_ACTIVE_ARCH = NO;
				PRODUCT_NAME = "$(TARGET_NAME)";
				WRAPPER_EXTENSION = app;
			};
			name = Release;
		};
/* End XCBuildConfiguration section */

/* Begin XCConfigurationList section */
		C69BB10B165678B8002A1873 /* Build configuration list for PBXNativeTarget "Tests" */ = {
			isa = XCConfigurationList;
			buildConfigurations = (
				C69BB10C165678B8002A1873 /* Debug */,
				C69BB10D165678B8002A1873 /* Release */,
			);
			defaultConfigurationIsVisible = 0;
			defaultConfigurationName = Release;
		};
		C69DB256160EC07700B484FF /* Build configuration list for PBXProject "Wikish" */ = {
			isa = XCConfigurationList;
			buildConfigurations = (
				C69DB278160EC07700B484FF /* Debug */,
				C69DB279160EC07700B484FF /* Release */,
			);
			defaultConfigurationIsVisible = 0;
			defaultConfigurationName = Release;
		};
		C69DB27A160EC07700B484FF /* Build configuration list for PBXNativeTarget "Wikish" */ = {
			isa = XCConfigurationList;
			buildConfigurations = (
				C69DB27B160EC07700B484FF /* Debug */,
				C69DB27C160EC07700B484FF /* Release */,
			);
			defaultConfigurationIsVisible = 0;
			defaultConfigurationName = Release;
		};
/* End XCConfigurationList section */
	};
	rootObject = C69DB253160EC07700B484FF /* Project object */;
}
